Microsoft Visual Studio Solution File, Format Version 12.00
# Visual Studio Version 17
VisualStudioVersion = 17.5.2.0
MinimumVisualStudioVersion = 10.0.40219.1
Project("{FAE04EC0-301F-11D3-BF4B-00C04F79EFBC}") = "semester_02", "semester_02\semester_02.csproj", "{ACF73C61-FC94-A638-4E1F-16555F481CF9}"
EndProject
Global
	GlobalSection(SolutionConfigurationPlatforms) = preSolution
		Debug|Any CPU = Debug|Any CPU
		Release|Any CPU = Release|Any CPU
	EndGlobalSection
	GlobalSection(ProjectConfigurationPlatforms) = postSolution
		{ACF73C61-FC94-A638-4E1F-16555F481CF9}.Debug|Any CPU.ActiveCfg = Debug|Any CPU
		{ACF73C61-FC94-A638-4E1F-16555F481CF9}.Debug|Any CPU.Build.0 = Debug|Any CPU
		{ACF73C61-FC94-A638-4E1F-16555F481CF9}.Release|Any CPU.ActiveCfg = Release|Any CPU
		{ACF73C61-FC94-A638-4E1F-16555F481CF9}.Release|Any CPU.Build.0 = Release|Any CPU
	EndGlobalSection
	GlobalSection(SolutionProperties) = preSolution
		HideSolutionNode = FALSE
	EndGlobalSection
	GlobalSection(ExtensibilityGlobals) = postSolution
		SolutionGuid = {8EB105D7-7209-4089-A048-9BBD06D972CD}
	EndGlobalSection
EndGlobal
